
Microsoft Visual Studio Solution File, Format Version 12.00
# Visual Studio Version 17
VisualStudioVersion = 17.2.32616.157
MinimumVisualStudioVersion = 10.0.40219.1
Project("{9A19103F-16F7-4668-BE54-9A1E7A4F7556}") = "Records", "Records\Records.csproj", "{38824058-8881-40D0-AF68-F42569CD63C1}"
EndProject
Project("{9A19103F-16F7-4668-BE54-9A1E7A4F7556}") = "Records_DbLibrary", "Records_DbLibrary\Records_DbLibrary.csproj", "{4A45A93F-C216-459A-AC52-CF20BECB57C5}"
EndProject
Project("{9A19103F-16F7-4668-BE54-9A1E7A4F7556}") = "RecordsModels", "RecordsModels\RecordsModels.csproj", "{AB34A511-DB7F-4430-8C69-3B9ADEFF3C33}"
EndProject
Project("{FAE04EC0-301F-11D3-BF4B-00C04F79EFBC}") = "RecordsRepositories", "RecordsRepositories\RecordsRepositories.csproj", "{043D895F-75AB-471D-B89B-71755EA8EBF5}"
EndProject
Global
	GlobalSection(SolutionConfigurationPlatforms) = preSolution
		Debug|Any CPU = Debug|Any CPU
		Release|Any CPU = Release|Any CPU
	EndGlobalSection
	GlobalSection(ProjectConfigurationPlatforms) = postSolution
		{38824058-8881-40D0-AF68-F42569CD63C1}.Debug|Any CPU.ActiveCfg = Debug|Any CPU
		{38824058-8881-40D0-AF68-F42569CD63C1}.Debug|Any CPU.Build.0 = Debug|Any CPU
		{38824058-8881-40D0-AF68-F42569CD63C1}.Release|Any CPU.ActiveCfg = Release|Any CPU
		{38824058-8881-40D0-AF68-F42569CD63C1}.Release|Any CPU.Build.0 = Release|Any CPU
		{4A45A93F-C216-459A-AC52-CF20BECB57C5}.Debug|Any CPU.ActiveCfg = Debug|Any CPU
		{4A45A93F-C216-459A-AC52-CF20BECB57C5}.Debug|Any CPU.Build.0 = Debug|Any CPU
		{4A45A93F-C216-459A-AC52-CF20BECB57C5}.Release|Any CPU.ActiveCfg = Release|Any CPU
		{4A45A93F-C216-459A-AC52-CF20BECB57C5}.Release|Any CPU.Build.0 = Release|Any CPU
		{AB34A511-DB7F-4430-8C69-3B9ADEFF3C33}.Debug|Any CPU.ActiveCfg = Debug|Any CPU
		{AB34A511-DB7F-4430-8C69-3B9ADEFF3C33}.Debug|Any CPU.Build.0 = Debug|Any CPU
		{AB34A511-DB7F-4430-8C69-3B9ADEFF3C33}.Release|Any CPU.ActiveCfg = Release|Any CPU
		{AB34A511-DB7F-4430-8C69-3B9ADEFF3C33}.Release|Any CPU.Build.0 = Release|Any CPU
		{043D895F-75AB-471D-B89B-71755EA8EBF5}.Debug|Any CPU.ActiveCfg = Debug|Any CPU
		{043D895F-75AB-471D-B89B-71755EA8EBF5}.Debug|Any CPU.Build.0 = Debug|Any CPU
		{043D895F-75AB-471D-B89B-71755EA8EBF5}.Release|Any CPU.ActiveCfg = Release|Any CPU
		{043D895F-75AB-471D-B89B-71755EA8EBF5}.Release|Any CPU.Build.0 = Release|Any CPU
	EndGlobalSection
	GlobalSection(SolutionProperties) = preSolution
		HideSolutionNode = FALSE
	EndGlobalSection
	GlobalSection(ExtensibilityGlobals) = postSolution
		SolutionGuid = {F9E923E9-46FE-4402-B3CF-C4E48F2C4536}
	EndGlobalSection
EndGlobal
